
Microsoft Visual Studio Solution File, Format Version 12.00
# Visual Studio Version 16
VisualStudioVersion = 16.0.31105.61
MinimumVisualStudioVersion = 10.0.40219.1
Project("{FAE04EC0-301F-11D3-BF4B-00C04F79EFBC}") = "RSA_University_project_Vysochina", "RSA_University_project_Vysochina\RSA_University_project_Vysochina.csproj", "{89CF7F0B-61FB-4FED-AC9C-A29FD6DFCBE5}"
EndProject
Global
	GlobalSection(SolutionConfigurationPlatforms) = preSolution
		Debug|Any CPU = Debug|Any CPU
		Release|Any CPU = Release|Any CPU
	EndGlobalSection
	GlobalSection(ProjectConfigurationPlatforms) = postSolution
		{89CF7F0B-61FB-4FED-AC9C-A29FD6DFCBE5}.Debug|Any CPU.ActiveCfg = Debug|Any CPU
		{89CF7F0B-61FB-4FED-AC9C-A29FD6DFCBE5}.Debug|Any CPU.Build.0 = Debug|Any CPU
		{89CF7F0B-61FB-4FED-AC9C-A29FD6DFCBE5}.Release|Any CPU.ActiveCfg = Release|Any CPU
		{89CF7F0B-61FB-4FED-AC9C-A29FD6DFCBE5}.Release|Any CPU.Build.0 = Release|Any CPU
	EndGlobalSection
	GlobalSection(SolutionProperties) = preSolution
		HideSolutionNode = FALSE
	EndGlobalSection
	GlobalSection(ExtensibilityGlobals) = postSolution
		SolutionGuid = {5EBC0214-41A6-4255-AA51-C623DF9AB72C}
	EndGlobalSection
EndGlobal
